
Microsoft Visual Studio Solution File, Format Version 12.00
# Visual Studio 15
VisualStudioVersion = 15.0.26730.15
MinimumVisualStudioVersion = 10.0.40219.1
Project("{FAE04EC0-301F-11D3-BF4B-00C04F79EFBC}") = "Final", "Final\Final.csproj", "{37C4152D-EBD3-4FBE-8480-FE298B0FBC21}"
EndProject
Global
	GlobalSection(SolutionConfigurationPlatforms) = preSolution
		Debug|Any CPU = Debug|Any CPU
		Debug|x86 = Debug|x86
		Release|Any CPU = Release|Any CPU
		Release|x86 = Release|x86
	EndGlobalSection
	GlobalSection(ProjectConfigurationPlatforms) = postSolution
		{37C4152D-EBD3-4FBE-8480-FE298B0FBC21}.Debug|Any CPU.ActiveCfg = Debug|Any CPU
		{37C4152D-EBD3-4FBE-8480-FE298B0FBC21}.Debug|Any CPU.Build.0 = Debug|Any CPU
		{37C4152D-EBD3-4FBE-8480-FE298B0FBC21}.Debug|x86.ActiveCfg = Debug|Any CPU
		{37C4152D-EBD3-4FBE-8480-FE298B0FBC21}.Debug|x86.Build.0 = Debug|Any CPU
		{37C4152D-EBD3-4FBE-8480-FE298B0FBC21}.Release|Any CPU.ActiveCfg = Release|Any CPU
		{37C4152D-EBD3-4FBE-8480-FE298B0FBC21}.Release|Any CPU.Build.0 = Release|Any CPU
		{37C4152D-EBD3-4FBE-8480-FE298B0FBC21}.Release|x86.ActiveCfg = Release|Any CPU
		{37C4152D-EBD3-4FBE-8480-FE298B0FBC21}.Release|x86.Build.0 = Release|Any CPU
	EndGlobalSection
	GlobalSection(SolutionProperties) = preSolution
		HideSolutionNode = FALSE
	EndGlobalSection
	GlobalSection(ExtensibilityGlobals) = postSolution
		SolutionGuid = {26117886-E4EC-45CA-961A-21F7EBC1CE85}
	EndGlobalSection
EndGlobal
